
Microsoft Visual Studio Solution File, Format Version 12.00
# Visual Studio 15
VisualStudioVersion = 15.0.27130.2036
MinimumVisualStudioVersion = 10.0.40219.1
Project("{FAE04EC0-301F-11D3-BF4B-00C04F79EFBC}") = "Work_3_1", "Work_3\Work_3_1.csproj", "{08632132-A51B-40CC-98EC-4D10E39E4559}"
EndProject
Project("{FAE04EC0-301F-11D3-BF4B-00C04F79EFBC}") = "Work_3_2", "Work_3_2\Work_3_2.csproj", "{35034510-0DF7-43E0-8D8B-CD73456BE547}"
EndProject
Project("{FAE04EC0-301F-11D3-BF4B-00C04F79EFBC}") = "Work_3_3", "Work_3_3\Work_3_3.csproj", "{63EDEC74-143F-43E6-A417-96490B941806}"
EndProject
Project("{FAE04EC0-301F-11D3-BF4B-00C04F79EFBC}") = "Work_3_4", "Work_3_4\Work_3_4.csproj", "{4DE202AD-0F45-4766-9615-CA3EDBC86065}"
EndProject
Project("{FAE04EC0-301F-11D3-BF4B-00C04F79EFBC}") = "Basic Ext", "Basic Ext\Basic Ext.csproj", "{00B243C6-0277-4D04-8011-38FB525B0372}"
EndProject
Project("{FAE04EC0-301F-11D3-BF4B-00C04F79EFBC}") = "Work_3_5_1", "Work_3_5_1\Work_3_5_1.csproj", "{1DCDE1B6-23BE-40EC-93E7-8035555CB881}"
EndProject
Global
	GlobalSection(SolutionConfigurationPlatforms) = preSolution
		Debug|Any CPU = Debug|Any CPU
		Release|Any CPU = Release|Any CPU
	EndGlobalSection
	GlobalSection(ProjectConfigurationPlatforms) = postSolution
		{08632132-A51B-40CC-98EC-4D10E39E4559}.Debug|Any CPU.ActiveCfg = Debug|Any CPU
		{08632132-A51B-40CC-98EC-4D10E39E4559}.Debug|Any CPU.Build.0 = Debug|Any CPU
		{08632132-A51B-40CC-98EC-4D10E39E4559}.Release|Any CPU.ActiveCfg = Release|Any CPU
		{08632132-A51B-40CC-98EC-4D10E39E4559}.Release|Any CPU.Build.0 = Release|Any CPU
		{35034510-0DF7-43E0-8D8B-CD73456BE547}.Debug|Any CPU.ActiveCfg = Debug|Any CPU
		{35034510-0DF7-43E0-8D8B-CD73456BE547}.Debug|Any CPU.Build.0 = Debug|Any CPU
		{35034510-0DF7-43E0-8D8B-CD73456BE547}.Release|Any CPU.ActiveCfg = Release|Any CPU
		{35034510-0DF7-43E0-8D8B-CD73456BE547}.Release|Any CPU.Build.0 = Release|Any CPU
		{63EDEC74-143F-43E6-A417-96490B941806}.Debug|Any CPU.ActiveCfg = Debug|Any CPU
		{63EDEC74-143F-43E6-A417-96490B941806}.Debug|Any CPU.Build.0 = Debug|Any CPU
		{63EDEC74-143F-43E6-A417-96490B941806}.Release|Any CPU.ActiveCfg = Release|Any CPU
		{63EDEC74-143F-43E6-A417-96490B941806}.Release|Any CPU.Build.0 = Release|Any CPU
		{4DE202AD-0F45-4766-9615-CA3EDBC86065}.Debug|Any CPU.ActiveCfg = Debug|Any CPU
		{4DE202AD-0F45-4766-9615-CA3EDBC86065}.Debug|Any CPU.Build.0 = Debug|Any CPU
		{4DE202AD-0F45-4766-9615-CA3EDBC86065}.Release|Any CPU.ActiveCfg = Release|Any CPU
		{4DE202AD-0F45-4766-9615-CA3EDBC86065}.Release|Any CPU.Build.0 = Release|Any CPU
		{00B243C6-0277-4D04-8011-38FB525B0372}.Debug|Any CPU.ActiveCfg = Debug|Any CPU
		{00B243C6-0277-4D04-8011-38FB525B0372}.Debug|Any CPU.Build.0 = Debug|Any CPU
		{00B243C6-0277-4D04-8011-38FB525B0372}.Release|Any CPU.ActiveCfg = Release|Any CPU
		{00B243C6-0277-4D04-8011-38FB525B0372}.Release|Any CPU.Build.0 = Release|Any CPU
		{1DCDE1B6-23BE-40EC-93E7-8035555CB881}.Debug|Any CPU.ActiveCfg = Debug|Any CPU
		{1DCDE1B6-23BE-40EC-93E7-8035555CB881}.Debug|Any CPU.Build.0 = Debug|Any CPU
		{1DCDE1B6-23BE-40EC-93E7-8035555CB881}.Release|Any CPU.ActiveCfg = Release|Any CPU
		{1DCDE1B6-23BE-40EC-93E7-8035555CB881}.Release|Any CPU.Build.0 = Release|Any CPU
	EndGlobalSection
	GlobalSection(SolutionProperties) = preSolution
		HideSolutionNode = FALSE
	EndGlobalSection
	GlobalSection(ExtensibilityGlobals) = postSolution
		SolutionGuid = {8F8B35F0-8DB1-472F-9908-2988CE89ED60}
	EndGlobalSection
EndGlobal
